lockfileVersion: '9.0'

settings:
  autoInstallPeers: true
  excludeLinksFromLockfile: false

importers:
  .:
    dependencies:
      events:
        specifier: ^3.3.0
        version: 3.3.0
      https-proxy-agent:
        specifier: ^7.0.4
        version: 7.0.4
      icqq:
        specifier: ^0.6.10
        version: 0.6.10
      log4js:
        specifier: ^6.9.1
        version: 6.9.1
      telegraf:
        specifier: ^4.16.3
        version: 4.16.3
    devDependencies:
      '@types/events':
        specifier: ^3.0.3
        version: 3.0.3
      '@types/node':
        specifier: ^20.11.30
        version: 20.11.30
      prettier:
        specifier: 3.2.5
        version: 3.2.5
      typescript:
        specifier: ^5.4.3
        version: 5.4.3

packages:
  '@telegraf/types@7.1.0':
    resolution:
      {
        integrity: sha512-kGevOIbpMcIlCDeorKGpwZmdH7kHbqlk/Yj6dEpJMKEQw5lk0KVQY0OLXaCswy8GqlIVLd5625OB+rAntP9xVw==,
      }

  '@types/events@3.0.3':
    resolution:
      {
        integrity: sha512-trOc4AAUThEz9hapPtSd7wf5tiQKvTtu5b371UxXdTuqzIh0ArcRspRP0i0Viu+LXstIQ1z96t1nsPxT9ol01g==,
      }

  '@types/node@20.11.30':
    resolution:
      {
        integrity: sha512-dHM6ZxwlmuZaRmUPfv1p+KrdD1Dci04FbdEm/9wEMouFqxYoFl5aMkt0VMAUtYRQDyYvD41WJLukhq/ha3YuTw==,
      }

  abort-controller@3.0.0:
    resolution:
      {
        integrity: sha512-h8lQ8tacZYnR3vNQTgibj+tODHI5/+l06Au2Pcriv/Gmet0eaj4TwWH41sO9wnHDiQsEj19q0drzdWdeAHtweg==,
      }
    engines: { node: '>=6.5' }

  agent-base@7.1.0:
    resolution:
      {
        integrity: sha512-o/zjMZRhJxny7OyEF+Op8X+efiELC7k7yOjMzgfzVqOzXqkBkWI79YoTdOtsuWd5BWhAGAuOY/Xa6xpiaWXiNg==,
      }
    engines: { node: '>= 14' }

  asynckit@0.4.0:
    resolution:
      {
        integrity: sha512-Oei9OH4tRh0YqU3GxhX79dM/mwVgvbZJaSNaRk+bshkj0S5cfHcgYakreBjrHwatXKbz+IoIdYLxrKim2MjW0Q==,
      }

  axios@1.6.8:
    resolution:
      {
        integrity: sha512-v/ZHtJDU39mDpyBoFVkETcd/uNdxrWRrg3bKpOKzXFA6Bvqopts6ALSMU3y6ijYxbw2B+wPrIv46egTzJXCLGQ==,
      }

  buffer-alloc-unsafe@1.1.0:
    resolution:
      {
        integrity: sha512-TEM2iMIEQdJ2yjPJoSIsldnleVaAk1oW3DBVUykyOLsEsFmEc9kn+SFFPz+gl54KQNxlDnAwCXosOS9Okx2xAg==,
      }

  buffer-alloc@1.2.0:
    resolution:
      {
        integrity: sha512-CFsHQgjtW1UChdXgbyJGtnm+O/uLQeZdtbDo8mfUgYXCHSM1wgrVxXm6bSyrUuErEb+4sYVGCzASBRot7zyrow==,
      }

  buffer-fill@1.0.0:
    resolution:
      {
        integrity: sha512-T7zexNBwiiaCOGDg9xNX9PBmjrubblRkENuptryuI64URkXDFum9il/JGL8Lm8wYfAXpredVXXZz7eMHilimiQ==,
      }

  combined-stream@1.0.8:
    resolution:
      {
        integrity: sha512-FQN4MRfuJeHf7cBbBMJFXhKSDq+2kAArBlmRBvcvFE5BB1HZKXtSFASDhdlz9zOYwxh8lDdnvmMOe/+5cdoEdg==,
      }
    engines: { node: '>= 0.8' }

  date-format@4.0.14:
    resolution:
      {
        integrity: sha512-39BOQLs9ZjKh0/patS9nrT8wc3ioX3/eA/zgbKNopnF2wCqJEoxywwwElATYvRsXdnOxA/OQeQoFZ3rFjVajhg==,
      }
    engines: { node: '>=4.0' }

  debug@2.6.9:
    resolution:
      {
        integrity: sha512-bC7ElrdJaJnPbAP+1EotYvqZsb3ecl5wi6Bfi6BJTUcNowp6cvspg0jXznRTKDjm/E7AdgFBVeAPVMNcKGsHMA==,
      }
    peerDependencies:
      supports-color: '*'
    peerDependenciesMeta:
      supports-color:
        optional: true

  debug@3.2.7:
    resolution:
      {
        integrity: sha512-CFjzYYAi4ThfiQvizrFQevTTXHtnCqWfe7x1AhgEscTz6ZbLbfoLRLPugTQyBth6f8ZERVUSyWHFD/7Wu4t1XQ==,
      }
    peerDependencies:
      supports-color: '*'
    peerDependenciesMeta:
      supports-color:
        optional: true

  debug@4.3.4:
    resolution:
      {
        integrity: sha512-PRWFHuSU3eDtQJPvnNY7Jcket1j0t5OuOsFzPPzsekD52Zl8qUfFIPEiswXqIvHWGVHOgX+7G/vCNNhehwxfkQ==,
      }
    engines: { node: '>=6.0' }
    peerDependencies:
      supports-color: '*'
    peerDependenciesMeta:
      supports-color:
        optional: true

  delayed-stream@1.0.0:
    resolution:
      {
        integrity: sha512-ZySD7Nf91aLB0RxL4KGrKHBXl7Eds1DAmEdcoVawXnLD7SDhpNgtuII2aAkg7a7QS41jxPSZ17p4VdGnMHk3MQ==,
      }
    engines: { node: '>=0.4.0' }

  event-target-shim@5.0.1:
    resolution:
      {
        integrity: sha512-i/2XbnSz/uxRCU6+NdVJgKWDTM427+MqYbkQzD321DuCQJUqOuJKIA0IM2+W2xtYHdKOmZ4dR6fExsd4SXL+WQ==,
      }
    engines: { node: '>=6' }

  events@3.3.0:
    resolution:
      {
        integrity: sha512-mQw+2fkQbALzQ7V0MY0IqdnXNOeTtP4r0lN9z7AAawCXgqea7bDii20AYrIBrFd/Hx0M2Ocz6S111CaFkUcb0Q==,
      }
    engines: { node: '>=0.8.x' }

  flatted@3.3.1:
    resolution:
      {
        integrity: sha512-X8cqMLLie7KsNUDSdzeN8FYK9rEt4Dt67OsG/DNGnYTSDBG4uFAJFBnUeiV+zCVAvwFy56IjM9sH51jVaEhNxw==,
      }

  follow-redirects@1.15.6:
    resolution:
      {
        integrity: sha512-wWN62YITEaOpSK584EZXJafH1AGpO8RVgElfkuXbTOrPX4fIfOyEpW/CsiNd8JdYrAoOvafRTOEnvsO++qCqFA==,
      }
    engines: { node: '>=4.0' }
    peerDependencies:
      debug: '*'
    peerDependenciesMeta:
      debug:
        optional: true

  form-data@4.0.0:
    resolution:
      {
        integrity: sha512-ETEklSGi5t0QMZuiXoA/Q6vcnxcLQP5vdugSpuAyi6SVGi2clPPp+xgEhuMaHC+zGgn31Kd235W35f7Hykkaww==,
      }
    engines: { node: '>= 6' }

  fs-extra@8.1.0:
    resolution:
      {
        integrity: sha512-yhlQgA6mnOJUKOsRUFsgJdQCvkKhcz8tlZG5HBQfReYZy46OwLcY+Zia0mtdHsOo9y/hP+CxMN0TU9QxoOtG4g==,
      }
    engines: { node: '>=6 <7 || >=8' }

  graceful-fs@4.2.11:
    resolution:
      {
        integrity: sha512-RbJ5/jmFcNNCcDV5o9eTnBLJ/HszWV0P73bc+Ff4nS/rJj+YaS6IGyiOL0VoBYX+l1Wrl3k63h/KrH+nhJ0XvQ==,
      }

  https-proxy-agent@7.0.4:
    resolution:
      {
        integrity: sha512-wlwpilI7YdjSkWaQ/7omYBMTliDcmCN8OLihO6I9B86g06lMyAoqgoDpV0XqoaPOKj+0DIdAvnsWfyAAhmimcg==,
      }
    engines: { node: '>= 14' }

  iconv-lite@0.4.24:
    resolution:
      {
        integrity: sha512-v3MXnZAcvnywkTUEZomIActle7RXXeedOR31wwl7VlyoXO4Qi9arvSenNQWne1TcRwhCL1HwLI21bEqdpj8/rA==,
      }
    engines: { node: '>=0.10.0' }

  icqq@0.6.10:
    resolution:
      {
        integrity: sha512-3LfK9r7WUnuVFyrVDH92DgFhsqNK/Itp91XJAD+DZHKEQK6UlR7F+xoEcpUIEfi9dy8GWqOgr5ZTunjd5GhMdA==,
      }
    engines: { node: '>= v14' }
    deprecated: Package no longer supported. Contact Support at https://www.npmjs.com/support for more info.

  jsonfile@4.0.0:
    resolution:
      {
        integrity: sha512-m6F1R3z8jjlf2imQHS2Qez5sjKWQzbuuhuJ/FKYFRZvPE3PuHcSMVZzfsLhGVOkfd20obL5SWEBew5ShlquNxg==,
      }

  lodash.merge@4.6.2:
    resolution:
      {
        integrity: sha512-0KpjqXRVvrYyCsX1swR/XTK0va6VQkQM6MNo7PqW77ByjAhoARA8EfrP1N4+KlKj8YS0ZUCtRT/YUuhyYDujIQ==,
      }

  log4js@6.9.1:
    resolution:
      {
        integrity: sha512-1somDdy9sChrr9/f4UlzhdaGfDR2c/SaD2a4T7qEkG4jTS57/B3qmnjLYePwQ8cqWnUHZI0iAKxMBpCZICiZ2g==,
      }
    engines: { node: '>=8.0' }

  long@4.0.0:
    resolution:
      {
        integrity: sha512-XsP+KhQif4bjX1kbuSiySJFNAehNxgLb6hPRGJ9QsUr8ajHkuXGdrHmFUTUUXhDwVX2R5bY4JNZEwbUiMhV+MA==,
      }

  mime-db@1.52.0:
    resolution:
      {
        integrity: sha512-sPU4uV7dYlvtWJxwwxHD0PuihVNiE7TyAbQ5SWxDCB9mUYvOgroQOwYQQOKPJ8CIbE+1ETVlOoK1UC2nU3gYvg==,
      }
    engines: { node: '>= 0.6' }

  mime-types@2.1.35:
    resolution:
      {
        integrity: sha512-ZDY+bPm5zTTF+YpCrAU9nK0UgICYPT0QtT1NZWFv4s++TNkcgVaT0g6+4R2uI4MjQjzysHB1zxuWL50hzaeXiw==,
      }
    engines: { node: '>= 0.6' }

  mri@1.2.0:
    resolution:
      {
        integrity: sha512-tzzskb3bG8LvYGFF/mDTpq3jpI6Q9wc3LEmBaghu+DdCssd1FakN7Bc0hVNmEyGq1bq3RgfkCb3cmQLpNPOroA==,
      }
    engines: { node: '>=4' }

  ms@2.0.0:
    resolution:
      {
        integrity: sha512-Tpp60P6IUJDTuOq/5Z8cdskzJujfwqfOTkrwIwj7IRISpnkJnT6SyJ4PCPnGMoFjC9ddhal5KVIYtAt97ix05A==,
      }

  ms@2.1.2:
    resolution:
      {
        integrity: sha512-sGkPx+VjMtmA6MX27oA4FBFELFCZZ4S4XqeGOXCv68tT+jb3vk/RyaKWP0PTKyWtmLSM0b+adUTEvbs1PEaH2w==,
      }

  needle@2.9.1:
    resolution:
      {
        integrity: sha512-6R9fqJ5Zcmf+uYaFgdIHmLwNldn5HbK8L5ybn7Uz+ylX/rnOsSp1AHcvQSrCaFN+qNM1wpymHqD7mVasEOlHGQ==,
      }
    engines: { node: '>= 4.4.x' }
    hasBin: true

  node-fetch@2.7.0:
    resolution:
      {
        integrity: sha512-c4FRfUm/dbcWZ7U+1Wq0AwCyFL+3nt2bEw05wfxSz+DWpWsitgmSgYmy2dQdWyKC1694ELPqMs/YzUSNozLt8A==,
      }
    engines: { node: 4.x || >=6.0.0 }
    peerDependencies:
      encoding: ^0.1.0
    peerDependenciesMeta:
      encoding:
        optional: true

  p-timeout@4.1.0:
    resolution:
      {
        integrity: sha512-+/wmHtzJuWii1sXn3HCuH/FTwGhrp4tmJTxSKJbfS+vkipci6osxXM5mY0jUiRzWKMTgUT8l7HFbeSwZAynqHw==,
      }
    engines: { node: '>=10' }

  pngjs@6.0.0:
    resolution:
      {
        integrity: sha512-TRzzuFRRmEoSW/p1KVAmiOgPco2Irlah+bGFCeNfJXxxYGwSw7YwAOAcd7X28K/m5bjBWKsC29KyoMfHbypayg==,
      }
    engines: { node: '>=12.13.0' }

  prettier@3.2.5:
    resolution:
      {
        integrity: sha512-3/GWa9aOC0YeD7LUfvOG2NiDyhOWRvt1k+rcKhOuYnMY24iiCphgneUfJDyFXd6rZCAnuLBv6UeAULtrhT/F4A==,
      }
    engines: { node: '>=14' }
    hasBin: true

  probe-image-size@7.2.3:
    resolution:
      {
        integrity: sha512-HubhG4Rb2UH8YtV4ba0Vp5bQ7L78RTONYu/ujmCu5nBI8wGv24s4E9xSKBi0N1MowRpxk76pFCpJtW0KPzOK0w==,
      }

  proxy-from-env@1.1.0:
    resolution:
      {
        integrity: sha512-D+zkORCbA9f1tdWRK0RaCR3GPv50cMxcrz4X8k5LTSUD1Dkw47mKJEZQNunItRTkWwgtaUSo1RVFRIG9ZXiFYg==,
      }

  rfdc@1.3.1:
    resolution:
      {
        integrity: sha512-r5a3l5HzYlIC68TpmYKlxWjmOP6wiPJ1vWv2HeLhNsRZMrCkxeqxiHlQ21oXmQ4F3SiryXBHhAD7JZqvOJjFmg==,
      }

  safe-compare@1.1.4:
    resolution:
      {
        integrity: sha512-b9wZ986HHCo/HbKrRpBJb2kqXMK9CEWIE1egeEvZsYn69ay3kdfl9nG3RyOcR+jInTDf7a86WQ1d4VJX7goSSQ==,
      }

  safer-buffer@2.1.2:
    resolution:
      {
        integrity: sha512-YZo3K82SD7Riyi0E1EQPojLz7kpepnSQI9IyPbHHg1XXXevb5dJI7tpyN2ADxGcQbHG7vcyRHk0cbwqcQriUtg==,
      }

  sandwich-stream@2.0.2:
    resolution:
      {
        integrity: sha512-jLYV0DORrzY3xaz/S9ydJL6Iz7essZeAfnAavsJ+zsJGZ1MOnsS52yRjU3uF3pJa/lla7+wisp//fxOwOH8SKQ==,
      }
    engines: { node: '>= 0.10' }

  sax@1.3.0:
    resolution:
      {
        integrity: sha512-0s+oAmw9zLl1V1cS9BtZN7JAd0cW5e0QH4W3LWEK6a4LaLEA2OTpGYWDY+6XasBLtz6wkm3u1xRw95mRuJ59WA==,
      }

  silk-wasm@3.4.0:
    resolution:
      {
        integrity: sha512-CIdyxwgtAtey/dEroslW3Pfeuot47FEMh8JVvGKCHc9xxyyeMrSezXviYObnVE4DAL0m6uhT0uPwU+6DdrEf5A==,
      }
    engines: { node: '>=16.14.0' }

  stream-parser@0.3.1:
    resolution:
      {
        integrity: sha512-bJ/HgKq41nlKvlhccD5kaCr/P+Hu0wPNKPJOH7en+YrJu/9EgqUF+88w5Jb6KNcjOFMhfX4B2asfeAtIGuHObQ==,
      }

  streamroller@3.1.5:
    resolution:
      {
        integrity: sha512-KFxaM7XT+irxvdqSP1LGLgNWbYN7ay5owZ3r/8t77p+EtSUAfUgtl7be3xtqtOmGUl9K9YPO2ca8133RlTjvKw==,
      }
    engines: { node: '>=8.0' }

  telegraf@4.16.3:
    resolution:
      {
        integrity: sha512-yjEu2NwkHlXu0OARWoNhJlIjX09dRktiMQFsM678BAH/PEPVwctzL67+tvXqLCRQQvm3SDtki2saGO9hLlz68w==,
      }
    engines: { node: ^12.20.0 || >=14.13.1 }
    hasBin: true

  tr46@0.0.3:
    resolution:
      {
        integrity: sha512-N3WMsuqV66lT30CrXNbEjx4GEwlow3v6rr4mCcv6prnfwhS01rkgyFdjPNBYd9br7LpXV1+Emh01fHnq2Gdgrw==,
      }

  triptrap@0.0.17:
    resolution:
      {
        integrity: sha512-hXc5npX73EeFc64PX1fyofdeyMVyXrNwLNbxAkirymK3AoTcn+xfbeYjfXOJl8iuKsciYQf1Q6VusAK1FUVcGw==,
      }

  typescript@5.4.3:
    resolution:
      {
        integrity: sha512-KrPd3PKaCLr78MalgiwJnA25Nm8HAmdwN3mYUYZgG/wizIo9EainNVQI9/yDavtVFRN2h3k8uf3GLHuhDMgEHg==,
      }
    engines: { node: '>=14.17' }
    hasBin: true

  undici-types@5.26.5:
    resolution:
      {
        integrity: sha512-JlCMO+ehdEIKqlFxk6IfVoAUVmgz7cU7zD/h9XZ0qzeosSHmUJVOzSQvvYSYWXkFXC+IfLKSIffhv0sVZup6pA==,
      }

  universalify@0.1.2:
    resolution:
      {
        integrity: sha512-rBJeI5CXAlmy1pV+617WB9J63U6XcazHHF2f2dbJix4XzpUF0RS3Zbj0FGIOCAva5P/d/GBOYaACQ1w+0azUkg==,
      }
    engines: { node: '>= 4.0.0' }

  webidl-conversions@3.0.1:
    resolution:
      {
        integrity: sha512-2JAn3z8AR6rjK8Sm8orRC0h/bcl/DqL7tRPdGZ4I1CjdF+EaMLmYxBHyXuKL849eucPFhvBoxMsflfOb8kxaeQ==,
      }

  whatwg-url@5.0.0:
    resolution:
      {
        integrity: sha512-saE57nupxk6v3HY35+jzBwYa0rKSy0XR8JSxZPwgLr7ys0IBzhGviA1/TUGJLmSVqs8pb9AnvICXEuOHLprYTw==,
      }

snapshots:
  '@telegraf/types@7.1.0': {}

  '@types/events@3.0.3': {}

  '@types/node@20.11.30':
    dependencies:
      undici-types: 5.26.5

  abort-controller@3.0.0:
    dependencies:
      event-target-shim: 5.0.1

  agent-base@7.1.0:
    dependencies:
      debug: 4.3.4
    transitivePeerDependencies:
      - supports-color

  asynckit@0.4.0: {}

  axios@1.6.8:
    dependencies:
      follow-redirects: 1.15.6
      form-data: 4.0.0
      proxy-from-env: 1.1.0
    transitivePeerDependencies:
      - debug

  buffer-alloc-unsafe@1.1.0: {}

  buffer-alloc@1.2.0:
    dependencies:
      buffer-alloc-unsafe: 1.1.0
      buffer-fill: 1.0.0

  buffer-fill@1.0.0: {}

  combined-stream@1.0.8:
    dependencies:
      delayed-stream: 1.0.0

  date-format@4.0.14: {}

  debug@2.6.9:
    dependencies:
      ms: 2.0.0

  debug@3.2.7:
    dependencies:
      ms: 2.1.2

  debug@4.3.4:
    dependencies:
      ms: 2.1.2

  delayed-stream@1.0.0: {}

  event-target-shim@5.0.1: {}

  events@3.3.0: {}

  flatted@3.3.1: {}

  follow-redirects@1.15.6: {}

  form-data@4.0.0:
    dependencies:
      asynckit: 0.4.0
      combined-stream: 1.0.8
      mime-types: 2.1.35

  fs-extra@8.1.0:
    dependencies:
      graceful-fs: 4.2.11
      jsonfile: 4.0.0
      universalify: 0.1.2

  graceful-fs@4.2.11: {}

  https-proxy-agent@7.0.4:
    dependencies:
      agent-base: 7.1.0
      debug: 4.3.4
    transitivePeerDependencies:
      - supports-color

  iconv-lite@0.4.24:
    dependencies:
      safer-buffer: 2.1.2

  icqq@0.6.10:
    dependencies:
      axios: 1.6.8
      log4js: 6.9.1
      long: 4.0.0
      pngjs: 6.0.0
      probe-image-size: 7.2.3
      silk-wasm: 3.4.0
      triptrap: 0.0.17
    transitivePeerDependencies:
      - debug
      - supports-color

  jsonfile@4.0.0:
    optionalDependencies:
      graceful-fs: 4.2.11

  lodash.merge@4.6.2: {}

  log4js@6.9.1:
    dependencies:
      date-format: 4.0.14
      debug: 4.3.4
      flatted: 3.3.1
      rfdc: 1.3.1
      streamroller: 3.1.5
    transitivePeerDependencies:
      - supports-color

  long@4.0.0: {}

  mime-db@1.52.0: {}

  mime-types@2.1.35:
    dependencies:
      mime-db: 1.52.0

  mri@1.2.0: {}

  ms@2.0.0: {}

  ms@2.1.2: {}

  needle@2.9.1:
    dependencies:
      debug: 3.2.7
      iconv-lite: 0.4.24
      sax: 1.3.0
    transitivePeerDependencies:
      - supports-color

  node-fetch@2.7.0:
    dependencies:
      whatwg-url: 5.0.0

  p-timeout@4.1.0: {}

  pngjs@6.0.0: {}

  prettier@3.2.5: {}

  probe-image-size@7.2.3:
    dependencies:
      lodash.merge: 4.6.2
      needle: 2.9.1
      stream-parser: 0.3.1
    transitivePeerDependencies:
      - supports-color

  proxy-from-env@1.1.0: {}

  rfdc@1.3.1: {}

  safe-compare@1.1.4:
    dependencies:
      buffer-alloc: 1.2.0

  safer-buffer@2.1.2: {}

  sandwich-stream@2.0.2: {}

  sax@1.3.0: {}

  silk-wasm@3.4.0: {}

  stream-parser@0.3.1:
    dependencies:
      debug: 2.6.9
    transitivePeerDependencies:
      - supports-color

  streamroller@3.1.5:
    dependencies:
      date-format: 4.0.14
      debug: 4.3.4
      fs-extra: 8.1.0
    transitivePeerDependencies:
      - supports-color

  telegraf@4.16.3:
    dependencies:
      '@telegraf/types': 7.1.0
      abort-controller: 3.0.0
      debug: 4.3.4
      mri: 1.2.0
      node-fetch: 2.7.0
      p-timeout: 4.1.0
      safe-compare: 1.1.4
      sandwich-stream: 2.0.2
    transitivePeerDependencies:
      - encoding
      - supports-color

  tr46@0.0.3: {}

  triptrap@0.0.17: {}

  typescript@5.4.3: {}

  undici-types@5.26.5: {}

  universalify@0.1.2: {}

  webidl-conversions@3.0.1: {}

  whatwg-url@5.0.0:
    dependencies:
      tr46: 0.0.3
      webidl-conversions: 3.0.1
